
Microsoft Visual Studio Solution File, Format Version 12.00
# Visual Studio 15
VisualStudioVersion = 15.0.26430.16
MinimumVisualStudioVersion = 10.0.40219.1
Project("{2150E333-8FDC-42A3-9474-1A3956D46DE8}") = "SourceCode", "SourceCode", "{098655A5-1C9C-4291-9D36-221D8C8C8877}"
EndProject
Project("{2150E333-8FDC-42A3-9474-1A3956D46DE8}") = "Tests", "Tests", "{B2E0ED1F-B371-4EB0-9A54-94A885E29A46}"
EndProject
Project("{FAE04EC0-301F-11D3-BF4B-00C04F79EFBC}") = "TEK.SeatPlan.WebApi", "SourceCode\TEK.SeatPlan.WebApi\TEK.SeatPlan.WebApi.csproj", "{29E3B677-3663-4DB5-9C45-8C0C7CCF1B22}"
EndProject
Project("{FAE04EC0-301F-11D3-BF4B-00C04F79EFBC}") = "TEK.SeatPlan.BusinessLogic.UnitTest", "Tests\TEK.SeatPlan.BusinessLogic.UnitTest\TEK.SeatPlan.BusinessLogic.UnitTest.csproj", "{389BD0DA-A906-4C05-89F1-DA76F3BCD3EE}"
EndProject
Project("{FAE04EC0-301F-11D3-BF4B-00C04F79EFBC}") = "TEK.SeatPlan.Common.UnitTest", "Tests\TEK.SeatPlan.Common.UnitTest\TEK.SeatPlan.Common.UnitTest.csproj", "{610D7C64-4F18-4BD0-8B9C-2083571F6D60}"
EndProject
Project("{FAE04EC0-301F-11D3-BF4B-00C04F79EFBC}") = "TEK.SeatPlan.ResourceAccess.UnitTest", "Tests\TEK.SeatPlan.ResourceAccess.UnitTest\TEK.SeatPlan.ResourceAccess.UnitTest.csproj", "{12B8D482-35A7-4FFF-9FE9-C680761D3210}"
EndProject
Project("{2150E333-8FDC-42A3-9474-1A3956D46DE8}") = "Solution Items", "Solution Items", "{1B42902D-A3D9-4BDD-BA73-C95F45F21DE4}"
	ProjectSection(SolutionItems) = preProject
		CommonAssemblyInfo.cs = CommonAssemblyInfo.cs
		SourceCode\Configuration\ConnectionStrings.config = SourceCode\Configuration\ConnectionStrings.config
		CustomDictionary.xml = CustomDictionary.xml
		..\..\GitVersion.yml = ..\..\GitVersion.yml
	EndProjectSection
EndProject
Project("{FAE04EC0-301F-11D3-BF4B-00C04F79EFBC}") = "TEK.SeatPlan.Ioc", "SourceCode\TEK.SeatPlan.Ioc\TEK.SeatPlan.Ioc.csproj", "{7C3714FC-2A9C-4EF7-BB28-49FF14232B9A}"
EndProject
Project("{FAE04EC0-301F-11D3-BF4B-00C04F79EFBC}") = "TEK.SeatPlan.BusinessLogic", "SourceCode\TEK.SeatPlan.BusinessLogic\TEK.SeatPlan.BusinessLogic.csproj", "{7E541E1B-BD05-4A25-8FF2-8B0A6B2E0B0F}"
EndProject
Project("{FAE04EC0-301F-11D3-BF4B-00C04F79EFBC}") = "TEK.SeatPlan.BusinessLogic.Contract", "SourceCode\TEK.SeatPlan.BusinessLogic.Contract\TEK.SeatPlan.BusinessLogic.Contract.csproj", "{01998E57-64CC-498B-8857-024EABF21D04}"
EndProject
Project("{FAE04EC0-301F-11D3-BF4B-00C04F79EFBC}") = "TEK.SeatPlan.Common", "SourceCode\TEK.SeatPlan.Common\TEK.SeatPlan.Common.csproj", "{6A02E86A-FB0B-4555-A460-BB13C6BE88A4}"
EndProject
Project("{FAE04EC0-301F-11D3-BF4B-00C04F79EFBC}") = "TEK.SeatPlan.Dto", "SourceCode\TEK.SeatPlan.Dto\TEK.SeatPlan.Dto.csproj", "{65426D3C-15EE-4484-9F54-0F83F2AD7CEB}"
EndProject
Project("{FAE04EC0-301F-11D3-BF4B-00C04F79EFBC}") = "TEK.SeatPlan.Entity", "SourceCode\TEK.SeatPlan.Entity\TEK.SeatPlan.Entity.csproj", "{1A5844FC-7B95-443D-B5AF-541421FF50FA}"
EndProject
Project("{FAE04EC0-301F-11D3-BF4B-00C04F79EFBC}") = "TEK.SeatPlan.ResourceAccess", "SourceCode\TEK.SeatPlan.ResourceAccess\TEK.SeatPlan.ResourceAccess.csproj", "{E856C4ED-4F40-4F14-8C21-7113CAC49829}"
EndProject
Project("{FAE04EC0-301F-11D3-BF4B-00C04F79EFBC}") = "TEK.SeatPlan.ResourceAccess.Contract", "SourceCode\TEK.SeatPlan.ResourceAccess.Contract\TEK.SeatPlan.ResourceAccess.Contract.csproj", "{29D29CA7-911C-4974-BEBD-E3E9F78D0482}"
EndProject
Project("{2150E333-8FDC-42A3-9474-1A3956D46DE8}") = "DatabaseDeployment", "DatabaseDeployment", "{4739933C-A06C-49F1-B35B-13DA7418DDA7}"
	ProjectSection(SolutionItems) = preProject
		DatabaseDeployment\DeployDB.ps1 = DatabaseDeployment\DeployDB.ps1
		DatabaseDeployment\EntityFrameworkCommands.md = DatabaseDeployment\EntityFrameworkCommands.md
		DatabaseDeployment\Script-Generation.ps1 = DatabaseDeployment\Script-Generation.ps1
	EndProjectSection
EndProject
Project("{FAE04EC0-301F-11D3-BF4B-00C04F79EFBC}") = "TEK.SeatPlan.IntegrationTest", "Tests\TEK.SeatPlan.IntegrationTest\TEK.SeatPlan.IntegrationTest.csproj", "{70C1328D-4721-4636-9BD6-160F1B8A6E23}"
EndProject
Project("{FAE04EC0-301F-11D3-BF4B-00C04F79EFBC}") = "TEK.SeatPlan.WebApi.UnitTest", "Tests\TEK.SeatPlan.WebApi.UnitTest\TEK.SeatPlan.WebApi.UnitTest.csproj", "{7FAA6952-AD91-4A25-9533-C85D23CD39CC}"
EndProject
Project("{FAE04EC0-301F-11D3-BF4B-00C04F79EFBC}") = "TEK.SeatPlan.Entity.UnitTest", "Tests\TEK.SeatPlan.Entity.UnitTest\TEK.SeatPlan.Entity.UnitTest.csproj", "{90C2FD21-E21C-46AC-AF06-F68D2631726F}"
EndProject
Project("{FAE04EC0-301F-11D3-BF4B-00C04F79EFBC}") = "TEK.SeatPlan.Tests.Shared", "Tests\TEK.SeatPlan.Tests.Shared\TEK.SeatPlan.Tests.Shared.csproj", "{ED2AD7DC-8D43-4F0F-835C-F4F4FD80C25B}"
EndProject
Global
	GlobalSection(SolutionConfigurationPlatforms) = preSolution
		CI|Any CPU = CI|Any CPU
		Debug|Any CPU = Debug|Any CPU
		Release|Any CPU = Release|Any CPU
	EndGlobalSection
	GlobalSection(ProjectConfigurationPlatforms) = postSolution
		{29E3B677-3663-4DB5-9C45-8C0C7CCF1B22}.CI|Any CPU.ActiveCfg = CI|Any CPU
		{29E3B677-3663-4DB5-9C45-8C0C7CCF1B22}.CI|Any CPU.Build.0 = CI|Any CPU
		{29E3B677-3663-4DB5-9C45-8C0C7CCF1B22}.Debug|Any CPU.ActiveCfg = Debug|Any CPU
		{29E3B677-3663-4DB5-9C45-8C0C7CCF1B22}.Debug|Any CPU.Build.0 = Debug|Any CPU
		{29E3B677-3663-4DB5-9C45-8C0C7CCF1B22}.Release|Any CPU.ActiveCfg = Release|Any CPU
		{29E3B677-3663-4DB5-9C45-8C0C7CCF1B22}.Release|Any CPU.Build.0 = Release|Any CPU
		{389BD0DA-A906-4C05-89F1-DA76F3BCD3EE}.CI|Any CPU.ActiveCfg = CI|Any CPU
		{389BD0DA-A906-4C05-89F1-DA76F3BCD3EE}.CI|Any CPU.Build.0 = CI|Any CPU
		{389BD0DA-A906-4C05-89F1-DA76F3BCD3EE}.Debug|Any CPU.ActiveCfg = Debug|Any CPU
		{389BD0DA-A906-4C05-89F1-DA76F3BCD3EE}.Debug|Any CPU.Build.0 = Debug|Any CPU
		{389BD0DA-A906-4C05-89F1-DA76F3BCD3EE}.Release|Any CPU.ActiveCfg = Release|Any CPU
		{389BD0DA-A906-4C05-89F1-DA76F3BCD3EE}.Release|Any CPU.Build.0 = Release|Any CPU
		{610D7C64-4F18-4BD0-8B9C-2083571F6D60}.CI|Any CPU.ActiveCfg = CI|Any CPU
		{610D7C64-4F18-4BD0-8B9C-2083571F6D60}.CI|Any CPU.Build.0 = CI|Any CPU
		{610D7C64-4F18-4BD0-8B9C-2083571F6D60}.Debug|Any CPU.ActiveCfg = Debug|Any CPU
		{610D7C64-4F18-4BD0-8B9C-2083571F6D60}.Debug|Any CPU.Build.0 = Debug|Any CPU
		{610D7C64-4F18-4BD0-8B9C-2083571F6D60}.Release|Any CPU.ActiveCfg = Release|Any CPU
		{610D7C64-4F18-4BD0-8B9C-2083571F6D60}.Release|Any CPU.Build.0 = Release|Any CPU
		{12B8D482-35A7-4FFF-9FE9-C680761D3210}.CI|Any CPU.ActiveCfg = CI|Any CPU
		{12B8D482-35A7-4FFF-9FE9-C680761D3210}.CI|Any CPU.Build.0 = CI|Any CPU
		{12B8D482-35A7-4FFF-9FE9-C680761D3210}.Debug|Any CPU.ActiveCfg = Debug|Any CPU
		{12B8D482-35A7-4FFF-9FE9-C680761D3210}.Debug|Any CPU.Build.0 = Debug|Any CPU
		{12B8D482-35A7-4FFF-9FE9-C680761D3210}.Release|Any CPU.ActiveCfg = Release|Any CPU
		{12B8D482-35A7-4FFF-9FE9-C680761D3210}.Release|Any CPU.Build.0 = Release|Any CPU
		{7C3714FC-2A9C-4EF7-BB28-49FF14232B9A}.CI|Any CPU.ActiveCfg = CI|Any CPU
		{7C3714FC-2A9C-4EF7-BB28-49FF14232B9A}.CI|Any CPU.Build.0 = CI|Any CPU
		{7C3714FC-2A9C-4EF7-BB28-49FF14232B9A}.Debug|Any CPU.ActiveCfg = Debug|Any CPU
		{7C3714FC-2A9C-4EF7-BB28-49FF14232B9A}.Debug|Any CPU.Build.0 = Debug|Any CPU
		{7C3714FC-2A9C-4EF7-BB28-49FF14232B9A}.Release|Any CPU.ActiveCfg = Release|Any CPU
		{7C3714FC-2A9C-4EF7-BB28-49FF14232B9A}.Release|Any CPU.Build.0 = Release|Any CPU
		{7E541E1B-BD05-4A25-8FF2-8B0A6B2E0B0F}.CI|Any CPU.ActiveCfg = CI|Any CPU
		{7E541E1B-BD05-4A25-8FF2-8B0A6B2E0B0F}.CI|Any CPU.Build.0 = CI|Any CPU
		{7E541E1B-BD05-4A25-8FF2-8B0A6B2E0B0F}.Debug|Any CPU.ActiveCfg = Debug|Any CPU
		{7E541E1B-BD05-4A25-8FF2-8B0A6B2E0B0F}.Debug|Any CPU.Build.0 = Debug|Any CPU
		{7E541E1B-BD05-4A25-8FF2-8B0A6B2E0B0F}.Release|Any CPU.ActiveCfg = Release|Any CPU
		{7E541E1B-BD05-4A25-8FF2-8B0A6B2E0B0F}.Release|Any CPU.Build.0 = Release|Any CPU
		{01998E57-64CC-498B-8857-024EABF21D04}.CI|Any CPU.ActiveCfg = CI|Any CPU
		{01998E57-64CC-498B-8857-024EABF21D04}.CI|Any CPU.Build.0 = CI|Any CPU
		{01998E57-64CC-498B-8857-024EABF21D04}.Debug|Any CPU.ActiveCfg = Debug|Any CPU
		{01998E57-64CC-498B-8857-024EABF21D04}.Debug|Any CPU.Build.0 = Debug|Any CPU
		{01998E57-64CC-498B-8857-024EABF21D04}.Release|Any CPU.ActiveCfg = Release|Any CPU
		{01998E57-64CC-498B-8857-024EABF21D04}.Release|Any CPU.Build.0 = Release|Any CPU
		{6A02E86A-FB0B-4555-A460-BB13C6BE88A4}.CI|Any CPU.ActiveCfg = CI|Any CPU
		{6A02E86A-FB0B-4555-A460-BB13C6BE88A4}.CI|Any CPU.Build.0 = CI|Any CPU
		{6A02E86A-FB0B-4555-A460-BB13C6BE88A4}.Debug|Any CPU.ActiveCfg = Debug|Any CPU
		{6A02E86A-FB0B-4555-A460-BB13C6BE88A4}.Debug|Any CPU.Build.0 = Debug|Any CPU
		{6A02E86A-FB0B-4555-A460-BB13C6BE88A4}.Release|Any CPU.ActiveCfg = Release|Any CPU
		{6A02E86A-FB0B-4555-A460-BB13C6BE88A4}.Release|Any CPU.Build.0 = Release|Any CPU
		{65426D3C-15EE-4484-9F54-0F83F2AD7CEB}.CI|Any CPU.ActiveCfg = CI|Any CPU
		{65426D3C-15EE-4484-9F54-0F83F2AD7CEB}.CI|Any CPU.Build.0 = CI|Any CPU
		{65426D3C-15EE-4484-9F54-0F83F2AD7CEB}.Debug|Any CPU.ActiveCfg = Debug|Any CPU
		{65426D3C-15EE-4484-9F54-0F83F2AD7CEB}.Debug|Any CPU.Build.0 = Debug|Any CPU
		{65426D3C-15EE-4484-9F54-0F83F2AD7CEB}.Release|Any CPU.ActiveCfg = Release|Any CPU
		{65426D3C-15EE-4484-9F54-0F83F2AD7CEB}.Release|Any CPU.Build.0 = Release|Any CPU
		{1A5844FC-7B95-443D-B5AF-541421FF50FA}.CI|Any CPU.ActiveCfg = CI|Any CPU
		{1A5844FC-7B95-443D-B5AF-541421FF50FA}.CI|Any CPU.Build.0 = CI|Any CPU
		{1A5844FC-7B95-443D-B5AF-541421FF50FA}.Debug|Any CPU.ActiveCfg = Debug|Any CPU
		{1A5844FC-7B95-443D-B5AF-541421FF50FA}.Debug|Any CPU.Build.0 = Debug|Any CPU
		{1A5844FC-7B95-443D-B5AF-541421FF50FA}.Release|Any CPU.ActiveCfg = Release|Any CPU
		{1A5844FC-7B95-443D-B5AF-541421FF50FA}.Release|Any CPU.Build.0 = Release|Any CPU
		{E856C4ED-4F40-4F14-8C21-7113CAC49829}.CI|Any CPU.ActiveCfg = CI|Any CPU
		{E856C4ED-4F40-4F14-8C21-7113CAC49829}.CI|Any CPU.Build.0 = CI|Any CPU
		{E856C4ED-4F40-4F14-8C21-7113CAC49829}.Debug|Any CPU.ActiveCfg = Debug|Any CPU
		{E856C4ED-4F40-4F14-8C21-7113CAC49829}.Debug|Any CPU.Build.0 = Debug|Any CPU
		{E856C4ED-4F40-4F14-8C21-7113CAC49829}.Release|Any CPU.ActiveCfg = Release|Any CPU
		{E856C4ED-4F40-4F14-8C21-7113CAC49829}.Release|Any CPU.Build.0 = Release|Any CPU
		{29D29CA7-911C-4974-BEBD-E3E9F78D0482}.CI|Any CPU.ActiveCfg = CI|Any CPU
		{29D29CA7-911C-4974-BEBD-E3E9F78D0482}.CI|Any CPU.Build.0 = CI|Any CPU
		{29D29CA7-911C-4974-BEBD-E3E9F78D0482}.Debug|Any CPU.ActiveCfg = Debug|Any CPU
		{29D29CA7-911C-4974-BEBD-E3E9F78D0482}.Debug|Any CPU.Build.0 = Debug|Any CPU
		{29D29CA7-911C-4974-BEBD-E3E9F78D0482}.Release|Any CPU.ActiveCfg = Release|Any CPU
		{29D29CA7-911C-4974-BEBD-E3E9F78D0482}.Release|Any CPU.Build.0 = Release|Any CPU
		{70C1328D-4721-4636-9BD6-160F1B8A6E23}.CI|Any CPU.ActiveCfg = CI|Any CPU
		{70C1328D-4721-4636-9BD6-160F1B8A6E23}.CI|Any CPU.Build.0 = CI|Any CPU
		{70C1328D-4721-4636-9BD6-160F1B8A6E23}.Debug|Any CPU.ActiveCfg = Debug|Any CPU
		{70C1328D-4721-4636-9BD6-160F1B8A6E23}.Debug|Any CPU.Build.0 = Debug|Any CPU
		{70C1328D-4721-4636-9BD6-160F1B8A6E23}.Release|Any CPU.ActiveCfg = Release|Any CPU
		{70C1328D-4721-4636-9BD6-160F1B8A6E23}.Release|Any CPU.Build.0 = Release|Any CPU
		{7FAA6952-AD91-4A25-9533-C85D23CD39CC}.CI|Any CPU.ActiveCfg = CI|Any CPU
		{7FAA6952-AD91-4A25-9533-C85D23CD39CC}.CI|Any CPU.Build.0 = CI|Any CPU
		{7FAA6952-AD91-4A25-9533-C85D23CD39CC}.Debug|Any CPU.ActiveCfg = Debug|Any CPU
		{7FAA6952-AD91-4A25-9533-C85D23CD39CC}.Debug|Any CPU.Build.0 = Debug|Any CPU
		{7FAA6952-AD91-4A25-9533-C85D23CD39CC}.Release|Any CPU.ActiveCfg = Release|Any CPU
		{7FAA6952-AD91-4A25-9533-C85D23CD39CC}.Release|Any CPU.Build.0 = Release|Any CPU
		{90C2FD21-E21C-46AC-AF06-F68D2631726F}.CI|Any CPU.ActiveCfg = CI|Any CPU
		{90C2FD21-E21C-46AC-AF06-F68D2631726F}.CI|Any CPU.Build.0 = CI|Any CPU
		{90C2FD21-E21C-46AC-AF06-F68D2631726F}.Debug|Any CPU.ActiveCfg = Debug|Any CPU
		{90C2FD21-E21C-46AC-AF06-F68D2631726F}.Debug|Any CPU.Build.0 = Debug|Any CPU
		{90C2FD21-E21C-46AC-AF06-F68D2631726F}.Release|Any CPU.ActiveCfg = Release|Any CPU
		{90C2FD21-E21C-46AC-AF06-F68D2631726F}.Release|Any CPU.Build.0 = Release|Any CPU
		{ED2AD7DC-8D43-4F0F-835C-F4F4FD80C25B}.CI|Any CPU.ActiveCfg = Release|Any CPU
		{ED2AD7DC-8D43-4F0F-835C-F4F4FD80C25B}.CI|Any CPU.Build.0 = Release|Any CPU
		{ED2AD7DC-8D43-4F0F-835C-F4F4FD80C25B}.Debug|Any CPU.ActiveCfg = Debug|Any CPU
		{ED2AD7DC-8D43-4F0F-835C-F4F4FD80C25B}.Debug|Any CPU.Build.0 = Debug|Any CPU
		{ED2AD7DC-8D43-4F0F-835C-F4F4FD80C25B}.Release|Any CPU.ActiveCfg = Release|Any CPU
		{ED2AD7DC-8D43-4F0F-835C-F4F4FD80C25B}.Release|Any CPU.Build.0 = Release|Any CPU
	EndGlobalSection
	GlobalSection(SolutionProperties) = preSolution
		HideSolutionNode = FALSE
	EndGlobalSection
	GlobalSection(NestedProjects) = preSolution
		{29E3B677-3663-4DB5-9C45-8C0C7CCF1B22} = {098655A5-1C9C-4291-9D36-221D8C8C8877}
		{389BD0DA-A906-4C05-89F1-DA76F3BCD3EE} = {B2E0ED1F-B371-4EB0-9A54-94A885E29A46}
		{610D7C64-4F18-4BD0-8B9C-2083571F6D60} = {B2E0ED1F-B371-4EB0-9A54-94A885E29A46}
		{12B8D482-35A7-4FFF-9FE9-C680761D3210} = {B2E0ED1F-B371-4EB0-9A54-94A885E29A46}
		{7C3714FC-2A9C-4EF7-BB28-49FF14232B9A} = {098655A5-1C9C-4291-9D36-221D8C8C8877}
		{7E541E1B-BD05-4A25-8FF2-8B0A6B2E0B0F} = {098655A5-1C9C-4291-9D36-221D8C8C8877}
		{01998E57-64CC-498B-8857-024EABF21D04} = {098655A5-1C9C-4291-9D36-221D8C8C8877}
		{6A02E86A-FB0B-4555-A460-BB13C6BE88A4} = {098655A5-1C9C-4291-9D36-221D8C8C8877}
		{65426D3C-15EE-4484-9F54-0F83F2AD7CEB} = {098655A5-1C9C-4291-9D36-221D8C8C8877}
		{1A5844FC-7B95-443D-B5AF-541421FF50FA} = {098655A5-1C9C-4291-9D36-221D8C8C8877}
		{E856C4ED-4F40-4F14-8C21-7113CAC49829} = {098655A5-1C9C-4291-9D36-221D8C8C8877}
		{29D29CA7-911C-4974-BEBD-E3E9F78D0482} = {098655A5-1C9C-4291-9D36-221D8C8C8877}
		{4739933C-A06C-49F1-B35B-13DA7418DDA7} = {1B42902D-A3D9-4BDD-BA73-C95F45F21DE4}
		{70C1328D-4721-4636-9BD6-160F1B8A6E23} = {B2E0ED1F-B371-4EB0-9A54-94A885E29A46}
		{7FAA6952-AD91-4A25-9533-C85D23CD39CC} = {B2E0ED1F-B371-4EB0-9A54-94A885E29A46}
		{90C2FD21-E21C-46AC-AF06-F68D2631726F} = {B2E0ED1F-B371-4EB0-9A54-94A885E29A46}
		{ED2AD7DC-8D43-4F0F-835C-F4F4FD80C25B} = {B2E0ED1F-B371-4EB0-9A54-94A885E29A46}
	EndGlobalSection
EndGlobal
