
Microsoft Visual Studio Solution File, Format Version 12.00
# Visual Studio 15
VisualStudioVersion = 15.0.26430.6
MinimumVisualStudioVersion = 10.0.40219.1
Project("{2150E333-8FDC-42A3-9474-1A3956D46DE8}") = "0. Bootstrap Service", "0. Bootstrap Service", "{533ECD5F-0424-4E8F-BE1C-7D62D2C75F38}"
EndProject
Project("{2150E333-8FDC-42A3-9474-1A3956D46DE8}") = "2. Business", "2. Business", "{81868100-4911-4FE8-90BA-31B5C86F4A28}"
EndProject
Project("{2150E333-8FDC-42A3-9474-1A3956D46DE8}") = "3. Resource Gateway", "3. Resource Gateway", "{C1C55B30-B582-40D4-8AEB-F0EEBEC8373E}"
EndProject
Project("{2150E333-8FDC-42A3-9474-1A3956D46DE8}") = "4. Common", "4. Common", "{E7CCCB62-8170-47C3-A5AE-3EC08E9BCB09}"
EndProject
Project("{2150E333-8FDC-42A3-9474-1A3956D46DE8}") = "5. Data Definition", "5. Data Definition", "{358697FF-FB19-4492-A6E2-805CD84FF960}"
EndProject
Project("{FAE04EC0-301F-11D3-BF4B-00C04F79EFBC}") = "Tek.SeatPlan.Services", "Tek.SeatPlan.Services\Tek.SeatPlan.Services.csproj", "{A93BCD22-2CBE-4D36-970E-771DD37EBD78}"
EndProject
Project("{FAE04EC0-301F-11D3-BF4B-00C04F79EFBC}") = "Tek.SeatPlan.Bootstrap", "Tek.SeatPlan.Bootstrap\Tek.SeatPlan.Bootstrap.csproj", "{3B46A2E3-AF5D-4F57-83DB-204B0E3AD2FC}"
EndProject
Project("{FAE04EC0-301F-11D3-BF4B-00C04F79EFBC}") = "Tek.SeatPlan.Business.Implementation", "Tek.SeatPlan.Business.Implementation\Tek.SeatPlan.Business.Implementation.csproj", "{75E1B4D5-5AE5-473D-B489-36E8AE90C1E4}"
EndProject
Project("{FAE04EC0-301F-11D3-BF4B-00C04F79EFBC}") = "Tek.SeatPlan.Business", "Tek.SeatPlan.Business\Tek.SeatPlan.Business.csproj", "{F83C4F27-9F21-49DE-A352-F7A8649F6BA6}"
EndProject
Project("{FAE04EC0-301F-11D3-BF4B-00C04F79EFBC}") = "Tek.SeatPlan.ResourceGateway.Implementation", "Tek.SeatPlan.ResourceGateway.Implementation\Tek.SeatPlan.ResourceGateway.Implementation.csproj", "{F3F84128-BBF4-4423-8940-C0B859F4216D}"
EndProject
Project("{FAE04EC0-301F-11D3-BF4B-00C04F79EFBC}") = "Tek.SeatPlan.ResourceGateway", "Tek.SeatPlan.ResourceGateway\Tek.SeatPlan.ResourceGateway.csproj", "{CB82C6A8-3102-449D-B2EA-76117B3E630C}"
EndProject
Project("{FAE04EC0-301F-11D3-BF4B-00C04F79EFBC}") = "Tek.SeatPlan.Common", "Tek.SeatPlan.Common\Tek.SeatPlan.Common.csproj", "{AD286048-A45D-4EF3-A3B5-C04C1E431D7F}"
EndProject
Project("{FAE04EC0-301F-11D3-BF4B-00C04F79EFBC}") = "Tek.SeatPlan.Common.Implementation", "Tek.SeatPlan.Common.Implementation\Tek.SeatPlan.Common.Implementation.csproj", "{F2539A20-ED0C-405B-B46D-6F0057B0B6FC}"
EndProject
Project("{FAE04EC0-301F-11D3-BF4B-00C04F79EFBC}") = "Tek.SeatPlan.Models", "Tek.SeatPlan.Models\Tek.SeatPlan.Models.csproj", "{2C96A2AA-D6C6-427B-A40E-A118488CB943}"
EndProject
Project("{FAE04EC0-301F-11D3-BF4B-00C04F79EFBC}") = "Tek.SeatPlan.Business.UnitTests", "Tek.SeatPlan.Business.UnitTests\Tek.SeatPlan.Business.UnitTests.csproj", "{F044EFCE-7074-4E82-9D49-CB8EE445731D}"
EndProject
Project("{FAE04EC0-301F-11D3-BF4B-00C04F79EFBC}") = "Tek.SeatPlan.ResourceGateway.UnitTests", "Tek.SeatPlan.ResourceGateway.UnitTests\Tek.SeatPlan.ResourceGateway.UnitTests.csproj", "{FF28EA61-F48E-46C1-89BC-A804CC6F36DF}"
EndProject
Project("{FAE04EC0-301F-11D3-BF4B-00C04F79EFBC}") = "Tek.SeatPlan.Common.UnitTests", "Tek.SeatPlan.Common.UnitTests\Tek.SeatPlan.Common.UnitTests.csproj", "{66610CD3-EF27-4C10-BE27-C09A074C2111}"
EndProject
Project("{2150E333-8FDC-42A3-9474-1A3956D46DE8}") = "6. Tests", "6. Tests", "{DAEBE10C-F136-4990-A292-D005CEE6C383}"
EndProject
Project("{FAE04EC0-301F-11D3-BF4B-00C04F79EFBC}") = "Tek.SeatPlan.IntegrationTests", "Tek.SeatPlan.IntegrationTests\Tek.SeatPlan.IntegrationTests.csproj", "{39A15847-EF74-4F58-AE4A-FF12488A6A79}"
EndProject
Project("{FAE04EC0-301F-11D3-BF4B-00C04F79EFBC}") = "Tek.SeatPlan.Dtos", "Tek.SeatPlan.Dtos\Tek.SeatPlan.Dtos.csproj", "{47EF6A1F-5AF4-4E3E-8667-E11734E643F8}"
EndProject
Project("{FAE04EC0-301F-11D3-BF4B-00C04F79EFBC}") = "Tek.SeatPlan.Controllers", "Tek.SeatPlan.Controllers\Tek.SeatPlan.Controllers.csproj", "{5A532356-BE7E-4098-A47B-B9B26221090B}"
EndProject
Project("{2150E333-8FDC-42A3-9474-1A3956D46DE8}") = "1. API", "1. API", "{F0A08DC2-D86C-42E8-9B0B-2EA62A5B7B7D}"
EndProject
Global
	GlobalSection(SolutionConfigurationPlatforms) = preSolution
		Debug|Any CPU = Debug|Any CPU
		Release|Any CPU = Release|Any CPU
	EndGlobalSection
	GlobalSection(ProjectConfigurationPlatforms) = postSolution
		{A93BCD22-2CBE-4D36-970E-771DD37EBD78}.Debug|Any CPU.ActiveCfg = Debug|Any CPU
		{A93BCD22-2CBE-4D36-970E-771DD37EBD78}.Debug|Any CPU.Build.0 = Debug|Any CPU
		{A93BCD22-2CBE-4D36-970E-771DD37EBD78}.Release|Any CPU.ActiveCfg = Release|Any CPU
		{A93BCD22-2CBE-4D36-970E-771DD37EBD78}.Release|Any CPU.Build.0 = Release|Any CPU
		{3B46A2E3-AF5D-4F57-83DB-204B0E3AD2FC}.Debug|Any CPU.ActiveCfg = Debug|Any CPU
		{3B46A2E3-AF5D-4F57-83DB-204B0E3AD2FC}.Debug|Any CPU.Build.0 = Debug|Any CPU
		{3B46A2E3-AF5D-4F57-83DB-204B0E3AD2FC}.Release|Any CPU.ActiveCfg = Release|Any CPU
		{3B46A2E3-AF5D-4F57-83DB-204B0E3AD2FC}.Release|Any CPU.Build.0 = Release|Any CPU
		{75E1B4D5-5AE5-473D-B489-36E8AE90C1E4}.Debug|Any CPU.ActiveCfg = Debug|Any CPU
		{75E1B4D5-5AE5-473D-B489-36E8AE90C1E4}.Debug|Any CPU.Build.0 = Debug|Any CPU
		{75E1B4D5-5AE5-473D-B489-36E8AE90C1E4}.Release|Any CPU.ActiveCfg = Release|Any CPU
		{75E1B4D5-5AE5-473D-B489-36E8AE90C1E4}.Release|Any CPU.Build.0 = Release|Any CPU
		{F83C4F27-9F21-49DE-A352-F7A8649F6BA6}.Debug|Any CPU.ActiveCfg = Debug|Any CPU
		{F83C4F27-9F21-49DE-A352-F7A8649F6BA6}.Debug|Any CPU.Build.0 = Debug|Any CPU
		{F83C4F27-9F21-49DE-A352-F7A8649F6BA6}.Release|Any CPU.ActiveCfg = Release|Any CPU
		{F83C4F27-9F21-49DE-A352-F7A8649F6BA6}.Release|Any CPU.Build.0 = Release|Any CPU
		{F3F84128-BBF4-4423-8940-C0B859F4216D}.Debug|Any CPU.ActiveCfg = Debug|Any CPU
		{F3F84128-BBF4-4423-8940-C0B859F4216D}.Debug|Any CPU.Build.0 = Debug|Any CPU
		{F3F84128-BBF4-4423-8940-C0B859F4216D}.Release|Any CPU.ActiveCfg = Release|Any CPU
		{F3F84128-BBF4-4423-8940-C0B859F4216D}.Release|Any CPU.Build.0 = Release|Any CPU
		{CB82C6A8-3102-449D-B2EA-76117B3E630C}.Debug|Any CPU.ActiveCfg = Debug|Any CPU
		{CB82C6A8-3102-449D-B2EA-76117B3E630C}.Debug|Any CPU.Build.0 = Debug|Any CPU
		{CB82C6A8-3102-449D-B2EA-76117B3E630C}.Release|Any CPU.ActiveCfg = Release|Any CPU
		{CB82C6A8-3102-449D-B2EA-76117B3E630C}.Release|Any CPU.Build.0 = Release|Any CPU
		{AD286048-A45D-4EF3-A3B5-C04C1E431D7F}.Debug|Any CPU.ActiveCfg = Debug|Any CPU
		{AD286048-A45D-4EF3-A3B5-C04C1E431D7F}.Debug|Any CPU.Build.0 = Debug|Any CPU
		{AD286048-A45D-4EF3-A3B5-C04C1E431D7F}.Release|Any CPU.ActiveCfg = Release|Any CPU
		{AD286048-A45D-4EF3-A3B5-C04C1E431D7F}.Release|Any CPU.Build.0 = Release|Any CPU
		{F2539A20-ED0C-405B-B46D-6F0057B0B6FC}.Debug|Any CPU.ActiveCfg = Debug|Any CPU
		{F2539A20-ED0C-405B-B46D-6F0057B0B6FC}.Debug|Any CPU.Build.0 = Debug|Any CPU
		{F2539A20-ED0C-405B-B46D-6F0057B0B6FC}.Release|Any CPU.ActiveCfg = Release|Any CPU
		{F2539A20-ED0C-405B-B46D-6F0057B0B6FC}.Release|Any CPU.Build.0 = Release|Any CPU
		{2C96A2AA-D6C6-427B-A40E-A118488CB943}.Debug|Any CPU.ActiveCfg = Debug|Any CPU
		{2C96A2AA-D6C6-427B-A40E-A118488CB943}.Debug|Any CPU.Build.0 = Debug|Any CPU
		{2C96A2AA-D6C6-427B-A40E-A118488CB943}.Release|Any CPU.ActiveCfg = Release|Any CPU
		{2C96A2AA-D6C6-427B-A40E-A118488CB943}.Release|Any CPU.Build.0 = Release|Any CPU
		{F044EFCE-7074-4E82-9D49-CB8EE445731D}.Debug|Any CPU.ActiveCfg = Debug|Any CPU
		{F044EFCE-7074-4E82-9D49-CB8EE445731D}.Debug|Any CPU.Build.0 = Debug|Any CPU
		{F044EFCE-7074-4E82-9D49-CB8EE445731D}.Release|Any CPU.ActiveCfg = Release|Any CPU
		{F044EFCE-7074-4E82-9D49-CB8EE445731D}.Release|Any CPU.Build.0 = Release|Any CPU
		{FF28EA61-F48E-46C1-89BC-A804CC6F36DF}.Debug|Any CPU.ActiveCfg = Debug|Any CPU
		{FF28EA61-F48E-46C1-89BC-A804CC6F36DF}.Debug|Any CPU.Build.0 = Debug|Any CPU
		{FF28EA61-F48E-46C1-89BC-A804CC6F36DF}.Release|Any CPU.ActiveCfg = Release|Any CPU
		{FF28EA61-F48E-46C1-89BC-A804CC6F36DF}.Release|Any CPU.Build.0 = Release|Any CPU
		{66610CD3-EF27-4C10-BE27-C09A074C2111}.Debug|Any CPU.ActiveCfg = Debug|Any CPU
		{66610CD3-EF27-4C10-BE27-C09A074C2111}.Debug|Any CPU.Build.0 = Debug|Any CPU
		{66610CD3-EF27-4C10-BE27-C09A074C2111}.Release|Any CPU.ActiveCfg = Release|Any CPU
		{66610CD3-EF27-4C10-BE27-C09A074C2111}.Release|Any CPU.Build.0 = Release|Any CPU
		{39A15847-EF74-4F58-AE4A-FF12488A6A79}.Debug|Any CPU.ActiveCfg = Debug|Any CPU
		{39A15847-EF74-4F58-AE4A-FF12488A6A79}.Debug|Any CPU.Build.0 = Debug|Any CPU
		{39A15847-EF74-4F58-AE4A-FF12488A6A79}.Release|Any CPU.ActiveCfg = Release|Any CPU
		{39A15847-EF74-4F58-AE4A-FF12488A6A79}.Release|Any CPU.Build.0 = Release|Any CPU
		{47EF6A1F-5AF4-4E3E-8667-E11734E643F8}.Debug|Any CPU.ActiveCfg = Debug|Any CPU
		{47EF6A1F-5AF4-4E3E-8667-E11734E643F8}.Debug|Any CPU.Build.0 = Debug|Any CPU
		{47EF6A1F-5AF4-4E3E-8667-E11734E643F8}.Release|Any CPU.ActiveCfg = Release|Any CPU
		{47EF6A1F-5AF4-4E3E-8667-E11734E643F8}.Release|Any CPU.Build.0 = Release|Any CPU
		{5A532356-BE7E-4098-A47B-B9B26221090B}.Debug|Any CPU.ActiveCfg = Debug|Any CPU
		{5A532356-BE7E-4098-A47B-B9B26221090B}.Debug|Any CPU.Build.0 = Debug|Any CPU
		{5A532356-BE7E-4098-A47B-B9B26221090B}.Release|Any CPU.ActiveCfg = Release|Any CPU
		{5A532356-BE7E-4098-A47B-B9B26221090B}.Release|Any CPU.Build.0 = Release|Any CPU
	EndGlobalSection
	GlobalSection(SolutionProperties) = preSolution
		HideSolutionNode = FALSE
	EndGlobalSection
	GlobalSection(NestedProjects) = preSolution
		{A93BCD22-2CBE-4D36-970E-771DD37EBD78} = {533ECD5F-0424-4E8F-BE1C-7D62D2C75F38}
		{3B46A2E3-AF5D-4F57-83DB-204B0E3AD2FC} = {533ECD5F-0424-4E8F-BE1C-7D62D2C75F38}
		{75E1B4D5-5AE5-473D-B489-36E8AE90C1E4} = {81868100-4911-4FE8-90BA-31B5C86F4A28}
		{F83C4F27-9F21-49DE-A352-F7A8649F6BA6} = {81868100-4911-4FE8-90BA-31B5C86F4A28}
		{F3F84128-BBF4-4423-8940-C0B859F4216D} = {C1C55B30-B582-40D4-8AEB-F0EEBEC8373E}
		{CB82C6A8-3102-449D-B2EA-76117B3E630C} = {C1C55B30-B582-40D4-8AEB-F0EEBEC8373E}
		{AD286048-A45D-4EF3-A3B5-C04C1E431D7F} = {E7CCCB62-8170-47C3-A5AE-3EC08E9BCB09}
		{F2539A20-ED0C-405B-B46D-6F0057B0B6FC} = {E7CCCB62-8170-47C3-A5AE-3EC08E9BCB09}
		{2C96A2AA-D6C6-427B-A40E-A118488CB943} = {358697FF-FB19-4492-A6E2-805CD84FF960}
		{F044EFCE-7074-4E82-9D49-CB8EE445731D} = {81868100-4911-4FE8-90BA-31B5C86F4A28}
		{FF28EA61-F48E-46C1-89BC-A804CC6F36DF} = {C1C55B30-B582-40D4-8AEB-F0EEBEC8373E}
		{66610CD3-EF27-4C10-BE27-C09A074C2111} = {E7CCCB62-8170-47C3-A5AE-3EC08E9BCB09}
		{39A15847-EF74-4F58-AE4A-FF12488A6A79} = {DAEBE10C-F136-4990-A292-D005CEE6C383}
		{47EF6A1F-5AF4-4E3E-8667-E11734E643F8} = {358697FF-FB19-4492-A6E2-805CD84FF960}
		{5A532356-BE7E-4098-A47B-B9B26221090B} = {F0A08DC2-D86C-42E8-9B0B-2EA62A5B7B7D}
	EndGlobalSection
EndGlobal
